<?xml version="1.0" encoding="utf-8"?>
<Project ToolsVersion="4.0" xmlns="http://schemas.microsoft.com/developer/msbuild/2003">
  <ItemGroup>
    <ClCompile Include="MainGame.cpp">
      <Filter>00. MainGame</Filter>
    </ClCompile>
    <ClCompile Include="Player.cpp">
      <Filter>01. Obj\00. Player</Filter>
    </ClCompile>
    <ClCompile Include="Player_Stage1.cpp">
      <Filter>01. Obj\00. Player</Filter>
    </ClCompile>
    <ClCompile Include="Player_Stage2.cpp">
      <Filter>01. Obj\00. Player</Filter>
    </ClCompile>
    <ClCompile Include="Player_Stage3.cpp">
      <Filter>01. Obj\00. Player</Filter>
    </ClCompile>
    <ClCompile Include="Bullet.cpp">
      <Filter>01. Obj\01. Bullet</Filter>
    </ClCompile>
    <ClCompile Include="ScrewBullet.cpp">
      <Filter>01. Obj\01. Bullet\00. ScrewBullet</Filter>
    </ClCompile>
    <ClCompile Include="GuideBullet.cpp">
      <Filter>01. Obj\01. Bullet\01. GuideBullet</Filter>
    </ClCompile>
    <ClCompile Include="ChargeBullet.cpp">
      <Filter>01. Obj\01. Bullet\02. ChargeBullet</Filter>
    </ClCompile>
    <ClCompile Include="ShotgunBullet.cpp">
      <Filter>01. Obj\01. Bullet\03. ShotgunBullet</Filter>
    </ClCompile>
    <ClCompile Include="Monster.cpp">
      <Filter>01. Obj\02. Monster</Filter>
    </ClCompile>
    <ClCompile Include="Monster_Stage1.cpp">
      <Filter>01. Obj\02. Monster\00. Monster_Stage1A</Filter>
    </ClCompile>
    <ClCompile Include="Monster_Stage1B.cpp">
      <Filter>01. Obj\02. Monster\01. Monster_Stage1B</Filter>
    </ClCompile>
    <ClCompile Include="Monster_Stage1Boss.cpp">
      <Filter>01. Obj\02. Monster\02. Monster_Stage_Boss</Filter>
    </ClCompile>
    <ClCompile Include="Mouse.cpp">
      <Filter>01. Obj\03. Mouse</Filter>
    </ClCompile>
    <ClCompile Include="Shield.cpp">
      <Filter>01. Obj\04. Shield</Filter>
    </ClCompile>
    <ClCompile Include="Item.cpp">
      <Filter>01. Obj\05. Item</Filter>
    </ClCompile>
    <ClCompile Include="Item_Stage3.cpp">
      <Filter>01. Obj\05. Item</Filter>
    </ClCompile>
    <ClCompile Include="Spawn.cpp">
      <Filter>01. Obj\06. Spawn</Filter>
    </ClCompile>
    <ClCompile Include="CollisionMgr.cpp">
      <Filter>02. Design\01. CollisinMgr</Filter>
    </ClCompile>
    <ClCompile Include="ObjMgr.cpp">
      <Filter>02. Design\02. ObjMgr</Filter>
    </ClCompile>
    <ClCompile Include="Line.cpp">
      <Filter>02. Design\03. LineMgr\Line</Filter>
    </ClCompile>
    <ClCompile Include="Line_Item.cpp">
      <Filter>02. Design\03. LineMgr\Line</Filter>
    </ClCompile>
    <ClCompile Include="LineMgr.cpp">
      <Filter>02. Design\03. LineMgr</Filter>
    </ClCompile>
    <ClCompile Include="KeyMgr.cpp">
      <Filter>02. Design\04. KeyMgr</Filter>
    </ClCompile>
    <ClCompile Include="ScrollMgr.cpp">
      <Filter>02. Design\05. ScrollMgr</Filter>
    </ClCompile>
    <ClCompile Include="Stage.cpp">
      <Filter>03. Stage</Filter>
    </ClCompile>
    <ClCompile Include="Stage1.cpp">
      <Filter>03. Stage</Filter>
    </ClCompile>
    <ClCompile Include="Stage2.cpp">
      <Filter>03. Stage</Filter>
    </ClCompile>
    <ClCompile Include="Stage3.cpp">
      <Filter>03. Stage</Filter>
    </ClCompile>
    <ClCompile Include="Obj.cpp">
      <Filter>01. Obj</Filter>
    </ClCompile>
    <ClCompile Include="GameMgr.cpp">
      <Filter>02. Design\07. GameMgr</Filter>
    </ClCompile>
    <ClCompile Include="DefaultWindow.cpp">
      <Filter>99.ETC</Filter>
    </ClCompile>
    <ClCompile Include="stdafx.cpp">
      <Filter>99.ETC</Filter>
    </ClCompile>
  </ItemGroup>
  <ItemGroup>
    <ClInclude Include="MainGame.h">
      <Filter>00. MainGame</Filter>
    </ClInclude>
    <ClInclude Include="Player.h">
      <Filter>01. Obj\00. Player</Filter>
    </ClInclude>
    <ClInclude Include="Player_Stage1.h">
      <Filter>01. Obj\00. Player</Filter>
    </ClInclude>
    <ClInclude Include="Player_Stage2.h">
      <Filter>01. Obj\00. Player</Filter>
    </ClInclude>
    <ClInclude Include="Player_Stage3.h">
      <Filter>01. Obj\00. Player</Filter>
    </ClInclude>
    <ClInclude Include="Bullet.h">
      <Filter>01. Obj\01. Bullet</Filter>
    </ClInclude>
    <ClInclude Include="ScrewBullet.h">
      <Filter>01. Obj\01. Bullet\00. ScrewBullet</Filter>
    </ClInclude>
    <ClInclude Include="GuideBullet.h">
      <Filter>01. Obj\01. Bullet\01. GuideBullet</Filter>
    </ClInclude>
    <ClInclude Include="ChargeBullet.h">
      <Filter>01. Obj\01. Bullet\02. ChargeBullet</Filter>
    </ClInclude>
    <ClInclude Include="ShotgunBullet.h">
      <Filter>01. Obj\01. Bullet\03. ShotgunBullet</Filter>
    </ClInclude>
    <ClInclude Include="Monster.h">
      <Filter>01. Obj\02. Monster</Filter>
    </ClInclude>
    <ClInclude Include="Monster_Stage1.h">
      <Filter>01. Obj\02. Monster\00. Monster_Stage1A</Filter>
    </ClInclude>
    <ClInclude Include="Monster_Stage1B.h">
      <Filter>01. Obj\02. Monster\01. Monster_Stage1B</Filter>
    </ClInclude>
    <ClInclude Include="Monster_Stage1Boss.h">
      <Filter>01. Obj\02. Monster\02. Monster_Stage_Boss</Filter>
    </ClInclude>
    <ClInclude Include="Mouse.h">
      <Filter>01. Obj\03. Mouse</Filter>
    </ClInclude>
    <ClInclude Include="Shield.h">
      <Filter>01. Obj\04. Shield</Filter>
    </ClInclude>
    <ClInclude Include="Item_Stage3.h">
      <Filter>01. Obj\05. Item</Filter>
    </ClInclude>
    <ClInclude Include="Item.h">
      <Filter>01. Obj\05. Item</Filter>
    </ClInclude>
    <ClInclude Include="Spawn.h">
      <Filter>01. Obj\06. Spawn</Filter>
    </ClInclude>
    <ClInclude Include="AbstractFactory.h">
      <Filter>02. Design\00. AbstactFactory</Filter>
    </ClInclude>
    <ClInclude Include="CollisionMgr.h">
      <Filter>02. Design\01. CollisinMgr</Filter>
    </ClInclude>
    <ClInclude Include="ObjMgr.h">
      <Filter>02. Design\02. ObjMgr</Filter>
    </ClInclude>
    <ClInclude Include="Line.h">
      <Filter>02. Design\03. LineMgr\Line</Filter>
    </ClInclude>
    <ClInclude Include="Line_Item.h">
      <Filter>02. Design\03. LineMgr\Line</Filter>
    </ClInclude>
    <ClInclude Include="LineMgr.h">
      <Filter>02. Design\03. LineMgr</Filter>
    </ClInclude>
    <ClInclude Include="KeyMgr.h">
      <Filter>02. Design\04. KeyMgr</Filter>
    </ClInclude>
    <ClInclude Include="ScrollMgr.h">
      <Filter>02. Design\05. ScrollMgr</Filter>
    </ClInclude>
    <ClInclude Include="Stage.h">
      <Filter>03. Stage</Filter>
    </ClInclude>
    <ClInclude Include="Stage1.h">
      <Filter>03. Stage</Filter>
    </ClInclude>
    <ClInclude Include="Stage2.h">
      <Filter>03. Stage</Filter>
    </ClInclude>
    <ClInclude Include="Stage3.h">
      <Filter>03. Stage</Filter>
    </ClInclude>
    <ClInclude Include="Obj.h">
      <Filter>01. Obj</Filter>
    </ClInclude>
    <ClInclude Include="GameMgr.h">
      <Filter>02. Design\07. GameMgr</Filter>
    </ClInclude>
    <ClInclude Include="DefaultWindow.h">
      <Filter>99.ETC</Filter>
    </ClInclude>
    <ClInclude Include="Resource.h">
      <Filter>99.ETC</Filter>
    </ClInclude>
    <ClInclude Include="stdafx.h">
      <Filter>99.ETC</Filter>
    </ClInclude>
    <ClInclude Include="targetver.h">
      <Filter>99.ETC</Filter>
    </ClInclude>
  </ItemGroup>
  <ItemGroup>
    <Image Include="DefaultWindow.ico">
      <Filter>99.ETC</Filter>
    </Image>
    <Image Include="small.ico">
      <Filter>99.ETC</Filter>
    </Image>
  </ItemGroup>
  <ItemGroup>
    <Filter Include="00. MainGame">
      <UniqueIdentifier>{c38fc7fc-9c70-47b4-888d-d6dc44d9dc81}</UniqueIdentifier>
    </Filter>
    <Filter Include="01. Obj">
      <UniqueIdentifier>{76bd5933-2d54-49ca-b3a0-d1305f50c410}</UniqueIdentifier>
    </Filter>
    <Filter Include="02. Design">
      <UniqueIdentifier>{0eaf91e4-c2c5-489c-92b5-9d103ec9db5f}</UniqueIdentifier>
    </Filter>
    <Filter Include="03. Stage">
      <UniqueIdentifier>{145bc28c-42a8-435f-afad-bd3b5c04dc1c}</UniqueIdentifier>
    </Filter>
    <Filter Include="01. Obj\00. Player">
      <UniqueIdentifier>{d6a84360-8524-4a0a-a62d-351b7bb69d0a}</UniqueIdentifier>
    </Filter>
    <Filter Include="01. Obj\01. Bullet">
      <UniqueIdentifier>{732085bb-c4c6-4f37-b3f6-407ceb6af966}</UniqueIdentifier>
    </Filter>
    <Filter Include="01. Obj\02. Monster">
      <UniqueIdentifier>{237d9dbd-3332-45dc-87d3-b789430f71bc}</UniqueIdentifier>
    </Filter>
    <Filter Include="01. Obj\03. Mouse">
      <UniqueIdentifier>{d25e7345-13bc-46dd-bb64-31cc9d910fd2}</UniqueIdentifier>
    </Filter>
    <Filter Include="01. Obj\04. Shield">
      <UniqueIdentifier>{a325cfd8-2f02-4309-bd3a-de58769d4dec}</UniqueIdentifier>
    </Filter>
    <Filter Include="01. Obj\05. Item">
      <UniqueIdentifier>{2b6b476c-ab0a-4349-b0a4-027328adec55}</UniqueIdentifier>
    </Filter>
    <Filter Include="01. Obj\06. Spawn">
      <UniqueIdentifier>{5f305850-091c-4ea4-961c-01f7eac77737}</UniqueIdentifier>
    </Filter>
    <Filter Include="01. Obj\01. Bullet\00. ScrewBullet">
      <UniqueIdentifier>{9376a2d2-2b0a-49c5-96b9-44d645a198ff}</UniqueIdentifier>
    </Filter>
    <Filter Include="01. Obj\01. Bullet\01. GuideBullet">
      <UniqueIdentifier>{ae03b0b5-0f84-48bc-a120-d7b2bc488a9a}</UniqueIdentifier>
    </Filter>
    <Filter Include="01. Obj\01. Bullet\02. ChargeBullet">
      <UniqueIdentifier>{a83f5573-a69f-4b1f-a5bd-592f82982ff9}</UniqueIdentifier>
    </Filter>
    <Filter Include="01. Obj\01. Bullet\03. ShotgunBullet">
      <UniqueIdentifier>{0b53c90f-6d80-404a-9836-686a233d69ed}</UniqueIdentifier>
    </Filter>
    <Filter Include="01. Obj\02. Monster\00. Monster_Stage1A">
      <UniqueIdentifier>{483ba287-bdec-42f8-904e-8afea4dd2166}</UniqueIdentifier>
    </Filter>
    <Filter Include="01. Obj\02. Monster\01. Monster_Stage1B">
      <UniqueIdentifier>{374c5fc8-393a-46b2-81e8-989f7a157524}</UniqueIdentifier>
    </Filter>
    <Filter Include="01. Obj\02. Monster\02. Monster_Stage_Boss">
      <UniqueIdentifier>{aab70d66-6fc8-4b08-b55c-6e290b56da98}</UniqueIdentifier>
    </Filter>
    <Filter Include="02. Design\00. AbstactFactory">
      <UniqueIdentifier>{640f67f6-3791-47b2-8f67-cb3ecda99d65}</UniqueIdentifier>
    </Filter>
    <Filter Include="02. Design\01. CollisinMgr">
      <UniqueIdentifier>{d72ee790-4f16-4105-8cbe-e978be5c0c80}</UniqueIdentifier>
    </Filter>
    <Filter Include="02. Design\02. ObjMgr">
      <UniqueIdentifier>{d144cbe2-24b3-4b6c-833c-e797cf391a76}</UniqueIdentifier>
    </Filter>
    <Filter Include="02. Design\03. LineMgr">
      <UniqueIdentifier>{fb8a7c0d-a28d-4730-ae64-20575e884048}</UniqueIdentifier>
    </Filter>
    <Filter Include="02. Design\04. KeyMgr">
      <UniqueIdentifier>{2c0b6a0e-a3b2-42aa-b659-5219bcdfa0ec}</UniqueIdentifier>
    </Filter>
    <Filter Include="02. Design\05. ScrollMgr">
      <UniqueIdentifier>{f68fd5b3-77d8-42fd-9628-d35f758fcc57}</UniqueIdentifier>
    </Filter>
    <Filter Include="02. Design\06. BmpMgr">
      <UniqueIdentifier>{ee2a0c9c-fe7b-4fc7-b8d3-89dadb7d668b}</UniqueIdentifier>
    </Filter>
    <Filter Include="02. Design\03. LineMgr\Line">
      <UniqueIdentifier>{68055873-0e62-4862-971b-062f40d15f7b}</UniqueIdentifier>
    </Filter>
    <Filter Include="02. Design\07. GameMgr">
      <UniqueIdentifier>{2fd09704-3c3e-42bf-8662-a5f09b2cd2e5}</UniqueIdentifier>
    </Filter>
    <Filter Include="99.ETC">
      <UniqueIdentifier>{63fdf03d-6aea-40ce-b6af-125cd752b1d4}</UniqueIdentifier>
    </Filter>
  </ItemGroup>
  <ItemGroup>
    <ResourceCompile Include="DefaultWindow.rc">
      <Filter>99.ETC</Filter>
    </ResourceCompile>
  </ItemGroup>
  <ItemGroup>
    <Text Include="ReadMe.txt">
      <Filter>99.ETC</Filter>
    </Text>
  </ItemGroup>
</Project>